
Microsoft Visual Studio Solution File, Format Version 12.00
# Visual Studio Version 17
VisualStudioVersion = 17.7.34003.232
MinimumVisualStudioVersion = 10.0.40219.1
Project("{FAE04EC0-301F-11D3-BF4B-00C04F79EFBC}") = "proyecto_web", "proyecto_web.csproj", "{6B39F800-0919-40E1-BEAC-8C2C6D647378}"
EndProject
Global
	GlobalSection(SolutionConfigurationPlatforms) = preSolution
		Debug|Any CPU = Debug|Any CPU
		Release|Any CPU = Release|Any CPU
	EndGlobalSection
	GlobalSection(ProjectConfigurationPlatforms) = postSolution
		{6B39F800-0919-40E1-BEAC-8C2C6D647378}.Debug|Any CPU.ActiveCfg = Debug|Any CPU
		{6B39F800-0919-40E1-BEAC-8C2C6D647378}.Debug|Any CPU.Build.0 = Debug|Any CPU
		{6B39F800-0919-40E1-BEAC-8C2C6D647378}.Release|Any CPU.ActiveCfg = Release|Any CPU
		{6B39F800-0919-40E1-BEAC-8C2C6D647378}.Release|Any CPU.Build.0 = Release|Any CPU
	EndGlobalSection
	GlobalSection(SolutionProperties) = preSolution
		HideSolutionNode = FALSE
	EndGlobalSection
	GlobalSection(ExtensibilityGlobals) = postSolution
		SolutionGuid = {6F8DF5C6-DEF9-4FEE-8E0B-339FA6022C94}
	EndGlobalSection
EndGlobal
